{
  "requires": true,
  "lockfileVersion": 1,
  "dependencies": {
    "v-mask": {
      "version": "2.3.0",
      "resolved": "https://registry.npmjs.org/v-mask/-/v-mask-2.3.0.tgz",
      "integrity": "sha512-ap7pTtCTvj25CqX4VYXqudCBd0+XvYyhiiLbzWQQR7AMQosJ2+DPu0a94P9stk0EGmGcmYxJaPkFkfjD8hquWQ=="
    }
  }
}
