
Microsoft Visual Studio Solution File, Format Version 12.00
# Visual Studio Version 17
VisualStudioVersion = 17.5.33502.453
MinimumVisualStudioVersion = 10.0.40219.1
Project("{9A19103F-16F7-4668-BE54-9A1E7A4F7556}") = "identity_server_anima", "identity_server_anima.csproj", "{CF293910-AE48-4643-B708-69B1092EFCDB}"
EndProject
Global
	GlobalSection(SolutionConfigurationPlatforms) = preSolution
		Debug|Any CPU = Debug|Any CPU
		Release|Any CPU = Release|Any CPU
	EndGlobalSection
	GlobalSection(ProjectConfigurationPlatforms) = postSolution
		{CF293910-AE48-4643-B708-69B1092EFCDB}.Debug|Any CPU.ActiveCfg = Debug|Any CPU
		{CF293910-AE48-4643-B708-69B1092EFCDB}.Debug|Any CPU.Build.0 = Debug|Any CPU
		{CF293910-AE48-4643-B708-69B1092EFCDB}.Release|Any CPU.ActiveCfg = Release|Any CPU
		{CF293910-AE48-4643-B708-69B1092EFCDB}.Release|Any CPU.Build.0 = Release|Any CPU
	EndGlobalSection
	GlobalSection(SolutionProperties) = preSolution
		HideSolutionNode = FALSE
	EndGlobalSection
	GlobalSection(ExtensibilityGlobals) = postSolution
		SolutionGuid = {A69199E2-6892-4BC6-A998-47EBB2A594CF}
	EndGlobalSection
EndGlobal
