
Microsoft Visual Studio Solution File, Format Version 12.00
# Visual Studio Version 17
VisualStudioVersion = 17.6.33829.357
MinimumVisualStudioVersion = 10.0.40219.1
Project("{FAE04EC0-301F-11D3-BF4B-00C04F79EFBC}") = "ApiFinanceiro", "ApiFinanceiro\ApiFinanceiro.csproj", "{5C6DE8B2-EB8D-4AE6-92B5-1F8AE4D187B6}"
EndProject
Global
	GlobalSection(SolutionConfigurationPlatforms) = preSolution
		Debug|Any CPU = Debug|Any CPU
		Release|Any CPU = Release|Any CPU
	EndGlobalSection
	GlobalSection(ProjectConfigurationPlatforms) = postSolution
		{5C6DE8B2-EB8D-4AE6-92B5-1F8AE4D187B6}.Debug|Any CPU.ActiveCfg = Debug|Any CPU
		{5C6DE8B2-EB8D-4AE6-92B5-1F8AE4D187B6}.Debug|Any CPU.Build.0 = Debug|Any CPU
		{5C6DE8B2-EB8D-4AE6-92B5-1F8AE4D187B6}.Release|Any CPU.ActiveCfg = Release|Any CPU
		{5C6DE8B2-EB8D-4AE6-92B5-1F8AE4D187B6}.Release|Any CPU.Build.0 = Release|Any CPU
	EndGlobalSection
	GlobalSection(SolutionProperties) = preSolution
		HideSolutionNode = FALSE
	EndGlobalSection
	GlobalSection(ExtensibilityGlobals) = postSolution
		SolutionGuid = {A5CC8907-8323-49F6-9E36-59C177E9B76F}
	EndGlobalSection
EndGlobal
